
Microsoft Visual Studio Solution File, Format Version 12.00
# Visual Studio 15
VisualStudioVersion = 15.0.28307.645
MinimumVisualStudioVersion = 10.0.40219.1
Project("{FAE04EC0-301F-11D3-BF4B-00C04F79EFBC}") = "Mod1_Lab1", "Mod1_Lab1\Mod1_Lab1.csproj", "{EC797579-1525-464D-944A-70BF9F27D060}"
EndProject
Project("{FAE04EC0-301F-11D3-BF4B-00C04F79EFBC}") = "Mod1_Assignment", "Mod1_Assignment\Mod1_Assignment.csproj", "{19F2C9CD-194E-4352-8AA3-EB6CCD87FDD2}"
EndProject
Global
	GlobalSection(SolutionConfigurationPlatforms) = preSolution
		Debug|Any CPU = Debug|Any CPU
		Release|Any CPU = Release|Any CPU
	EndGlobalSection
	GlobalSection(ProjectConfigurationPlatforms) = postSolution
		{EC797579-1525-464D-944A-70BF9F27D060}.Debug|Any CPU.ActiveCfg = Debug|Any CPU
		{EC797579-1525-464D-944A-70BF9F27D060}.Debug|Any CPU.Build.0 = Debug|Any CPU
		{EC797579-1525-464D-944A-70BF9F27D060}.Release|Any CPU.ActiveCfg = Release|Any CPU
		{EC797579-1525-464D-944A-70BF9F27D060}.Release|Any CPU.Build.0 = Release|Any CPU
		{19F2C9CD-194E-4352-8AA3-EB6CCD87FDD2}.Debug|Any CPU.ActiveCfg = Debug|Any CPU
		{19F2C9CD-194E-4352-8AA3-EB6CCD87FDD2}.Debug|Any CPU.Build.0 = Debug|Any CPU
		{19F2C9CD-194E-4352-8AA3-EB6CCD87FDD2}.Release|Any CPU.ActiveCfg = Release|Any CPU
		{19F2C9CD-194E-4352-8AA3-EB6CCD87FDD2}.Release|Any CPU.Build.0 = Release|Any CPU
	EndGlobalSection
	GlobalSection(SolutionProperties) = preSolution
		HideSolutionNode = FALSE
	EndGlobalSection
	GlobalSection(ExtensibilityGlobals) = postSolution
		SolutionGuid = {F3B4074C-02AD-4D62-B1AD-2C124E33365E}
	EndGlobalSection
EndGlobal
