
Microsoft Visual Studio Solution File, Format Version 12.00
# Visual Studio 15
VisualStudioVersion = 15.0.28307.645
MinimumVisualStudioVersion = 10.0.40219.1
Project("{FAE04EC0-301F-11D3-BF4B-00C04F79EFBC}") = "OutRefParameters", "Mod3_Lab1\OutRefParameters.csproj", "{EC5F4DE2-41E7-445D-8815-1BED989964DD}"
EndProject
Project("{FAE04EC0-301F-11D3-BF4B-00C04F79EFBC}") = "ExceptionHandling", "Mod3_Lab2\ExceptionHandling.csproj", "{3164758B-D98D-402B-8740-2EDB4F4A1B54}"
EndProject
Project("{FAE04EC0-301F-11D3-BF4B-00C04F79EFBC}") = "Mod3_Laby1", "Mod3_Laby1\Mod3_Laby1.csproj", "{E7ECA227-C6B5-4CE7-A69E-40736D18268A}"
EndProject
Project("{FAE04EC0-301F-11D3-BF4B-00C04F79EFBC}") = "Self-AssesmentLab", "Self-AssesmentLab\Self-AssesmentLab.csproj", "{8230AF7D-35C7-40C9-8DB3-57F105588D3B}"
EndProject
Global
	GlobalSection(SolutionConfigurationPlatforms) = preSolution
		Debug|Any CPU = Debug|Any CPU
		Release|Any CPU = Release|Any CPU
	EndGlobalSection
	GlobalSection(ProjectConfigurationPlatforms) = postSolution
		{EC5F4DE2-41E7-445D-8815-1BED989964DD}.Debug|Any CPU.ActiveCfg = Debug|Any CPU
		{EC5F4DE2-41E7-445D-8815-1BED989964DD}.Debug|Any CPU.Build.0 = Debug|Any CPU
		{EC5F4DE2-41E7-445D-8815-1BED989964DD}.Release|Any CPU.ActiveCfg = Release|Any CPU
		{EC5F4DE2-41E7-445D-8815-1BED989964DD}.Release|Any CPU.Build.0 = Release|Any CPU
		{3164758B-D98D-402B-8740-2EDB4F4A1B54}.Debug|Any CPU.ActiveCfg = Debug|Any CPU
		{3164758B-D98D-402B-8740-2EDB4F4A1B54}.Debug|Any CPU.Build.0 = Debug|Any CPU
		{3164758B-D98D-402B-8740-2EDB4F4A1B54}.Release|Any CPU.ActiveCfg = Release|Any CPU
		{3164758B-D98D-402B-8740-2EDB4F4A1B54}.Release|Any CPU.Build.0 = Release|Any CPU
		{E7ECA227-C6B5-4CE7-A69E-40736D18268A}.Debug|Any CPU.ActiveCfg = Debug|Any CPU
		{E7ECA227-C6B5-4CE7-A69E-40736D18268A}.Debug|Any CPU.Build.0 = Debug|Any CPU
		{E7ECA227-C6B5-4CE7-A69E-40736D18268A}.Release|Any CPU.ActiveCfg = Release|Any CPU
		{E7ECA227-C6B5-4CE7-A69E-40736D18268A}.Release|Any CPU.Build.0 = Release|Any CPU
		{8230AF7D-35C7-40C9-8DB3-57F105588D3B}.Debug|Any CPU.ActiveCfg = Debug|Any CPU
		{8230AF7D-35C7-40C9-8DB3-57F105588D3B}.Debug|Any CPU.Build.0 = Debug|Any CPU
		{8230AF7D-35C7-40C9-8DB3-57F105588D3B}.Release|Any CPU.ActiveCfg = Release|Any CPU
		{8230AF7D-35C7-40C9-8DB3-57F105588D3B}.Release|Any CPU.Build.0 = Release|Any CPU
	EndGlobalSection
	GlobalSection(SolutionProperties) = preSolution
		HideSolutionNode = FALSE
	EndGlobalSection
	GlobalSection(ExtensibilityGlobals) = postSolution
		SolutionGuid = {73D9D208-43E4-4784-A1BF-5261EFD3CCCB}
	EndGlobalSection
EndGlobal
